
Microsoft Visual Studio Solution File, Format Version 12.00
# Visual Studio 15
VisualStudioVersion = 15.0.28307.902
MinimumVisualStudioVersion = 10.0.40219.1
Project("{FAE04EC0-301F-11D3-BF4B-00C04F79EFBC}") = "BTO216", "BTO216\BTO216.csproj", "{1FF784BA-5500-47B8-A127-B9D361A3B8AE}"
EndProject
Global
	GlobalSection(SolutionConfigurationPlatforms) = preSolution
		Debug|Any CPU = Debug|Any CPU
		Release|Any CPU = Release|Any CPU
	EndGlobalSection
	GlobalSection(ProjectConfigurationPlatforms) = postSolution
		{1FF784BA-5500-47B8-A127-B9D361A3B8AE}.Debug|Any CPU.ActiveCfg = Debug|Any CPU
		{1FF784BA-5500-47B8-A127-B9D361A3B8AE}.Debug|Any CPU.Build.0 = Debug|Any CPU
		{1FF784BA-5500-47B8-A127-B9D361A3B8AE}.Release|Any CPU.ActiveCfg = Release|Any CPU
		{1FF784BA-5500-47B8-A127-B9D361A3B8AE}.Release|Any CPU.Build.0 = Release|Any CPU
	EndGlobalSection
	GlobalSection(SolutionProperties) = preSolution
		HideSolutionNode = FALSE
	EndGlobalSection
	GlobalSection(ExtensibilityGlobals) = postSolution
		SolutionGuid = {5818F85C-EC91-4C19-B2B0-AA1F36514A99}
	EndGlobalSection
EndGlobal
